
Microsoft Visual Studio Solution File, Format Version 12.00
# Visual Studio 14
VisualStudioVersion = 14.0.22310.1
MinimumVisualStudioVersion = 10.0.40219.1
Project("{2150E333-8FDC-42A3-9474-1A3956D46DE8}") = "Engine", "Engine", "{F870AB0B-6698-4540-898F-66F8968454AF}"
EndProject
Project("{2150E333-8FDC-42A3-9474-1A3956D46DE8}") = "Games", "Games", "{2E5BCC98-7377-4F19-B6B8-B592096E922F}"
EndProject
Project("{8BC9CEB8-8B4A-11D0-8D11-00A0C91BC942}") = "UE4", "Intermediate\ProjectFiles\UE4.vcxproj", "{7B99C98B-1F65-4C7E-8C67-D10E35BED774}"
EndProject
Project("{8BC9CEB8-8B4A-11D0-8D11-00A0C91BC942}") = "ArchVis", "Intermediate\ProjectFiles\ArchVis.vcxproj", "{8A85C8EE-B4B0-4A8C-8E8A-3017F710D47E}"
EndProject
Global
	GlobalSection(SolutionConfigurationPlatforms) = preSolution
		DebugGame Editor|Win32 = DebugGame Editor|Win32
		DebugGame Editor|Win64 = DebugGame Editor|Win64
		DebugGame|Win32 = DebugGame|Win32
		DebugGame|Win64 = DebugGame|Win64
		Development Editor|Win32 = Development Editor|Win32
		Development Editor|Win64 = Development Editor|Win64
		Development|Win32 = Development|Win32
		Development|Win64 = Development|Win64
		Shipping|Win32 = Shipping|Win32
		Shipping|Win64 = Shipping|Win64
	EndGlobalSection
	GlobalSection(ProjectConfigurationPlatforms) = postSolution
		{8A85C8EE-B4B0-4A8C-8E8A-3017F710D47E}.DebugGame Editor|Win32.ActiveCfg = DebugGame_Editor|Win32
		{8A85C8EE-B4B0-4A8C-8E8A-3017F710D47E}.DebugGame Editor|Win32.Build.0 = DebugGame_Editor|Win32
		{8A85C8EE-B4B0-4A8C-8E8A-3017F710D47E}.DebugGame Editor|Win64.ActiveCfg = DebugGame_Editor|x64
		{8A85C8EE-B4B0-4A8C-8E8A-3017F710D47E}.DebugGame Editor|Win64.Build.0 = DebugGame_Editor|x64
		{8A85C8EE-B4B0-4A8C-8E8A-3017F710D47E}.DebugGame|Win32.ActiveCfg = DebugGame_Game|Win32
		{8A85C8EE-B4B0-4A8C-8E8A-3017F710D47E}.DebugGame|Win32.Build.0 = DebugGame_Game|Win32
		{8A85C8EE-B4B0-4A8C-8E8A-3017F710D47E}.DebugGame|Win64.ActiveCfg = DebugGame_Game|x64
		{8A85C8EE-B4B0-4A8C-8E8A-3017F710D47E}.DebugGame|Win64.Build.0 = DebugGame_Game|x64
		{8A85C8EE-B4B0-4A8C-8E8A-3017F710D47E}.Development Editor|Win32.ActiveCfg = Development_Editor|Win32
		{8A85C8EE-B4B0-4A8C-8E8A-3017F710D47E}.Development Editor|Win32.Build.0 = Development_Editor|Win32
		{8A85C8EE-B4B0-4A8C-8E8A-3017F710D47E}.Development Editor|Win64.ActiveCfg = Development_Editor|x64
		{8A85C8EE-B4B0-4A8C-8E8A-3017F710D47E}.Development Editor|Win64.Build.0 = Development_Editor|x64
		{8A85C8EE-B4B0-4A8C-8E8A-3017F710D47E}.Development|Win32.ActiveCfg = Development_Game|Win32
		{8A85C8EE-B4B0-4A8C-8E8A-3017F710D47E}.Development|Win32.Build.0 = Development_Game|Win32
		{8A85C8EE-B4B0-4A8C-8E8A-3017F710D47E}.Development|Win64.ActiveCfg = Development_Game|x64
		{8A85C8EE-B4B0-4A8C-8E8A-3017F710D47E}.Development|Win64.Build.0 = Development_Game|x64
		{8A85C8EE-B4B0-4A8C-8E8A-3017F710D47E}.Shipping|Win32.ActiveCfg = Shipping_Game|Win32
		{8A85C8EE-B4B0-4A8C-8E8A-3017F710D47E}.Shipping|Win32.Build.0 = Shipping_Game|Win32
		{8A85C8EE-B4B0-4A8C-8E8A-3017F710D47E}.Shipping|Win64.ActiveCfg = Shipping_Game|x64
		{8A85C8EE-B4B0-4A8C-8E8A-3017F710D47E}.Shipping|Win64.Build.0 = Shipping_Game|x64
	EndGlobalSection
	GlobalSection(SolutionProperties) = preSolution
		HideSolutionNode = FALSE
	EndGlobalSection
	GlobalSection(NestedProjects) = preSolution
		{7B99C98B-1F65-4C7E-8C67-D10E35BED774} = {F870AB0B-6698-4540-898F-66F8968454AF}
		{8A85C8EE-B4B0-4A8C-8E8A-3017F710D47E} = {2E5BCC98-7377-4F19-B6B8-B592096E922F}
	EndGlobalSection
EndGlobal
